
Microsoft Visual Studio Solution File, Format Version 12.00
# Visual Studio Version 16
VisualStudioVersion = 16.0.30503.244
MinimumVisualStudioVersion = 10.0.40219.1
Project("{FAE04EC0-301F-11D3-BF4B-00C04F79EFBC}") = "SHAHmeHmood_MVC5fourth", "SHAHmeHmood_MVC5fourth\SHAHmeHmood_MVC5fourth.csproj", "{415F2079-98C1-4DD5-B3D3-561ED61BF58C}"
EndProject
Global
	GlobalSection(SolutionConfigurationPlatforms) = preSolution
		Debug|Any CPU = Debug|Any CPU
		Release|Any CPU = Release|Any CPU
	EndGlobalSection
	GlobalSection(ProjectConfigurationPlatforms) = postSolution
		{415F2079-98C1-4DD5-B3D3-561ED61BF58C}.Debug|Any CPU.ActiveCfg = Debug|Any CPU
		{415F2079-98C1-4DD5-B3D3-561ED61BF58C}.Debug|Any CPU.Build.0 = Debug|Any CPU
		{415F2079-98C1-4DD5-B3D3-561ED61BF58C}.Release|Any CPU.ActiveCfg = Release|Any CPU
		{415F2079-98C1-4DD5-B3D3-561ED61BF58C}.Release|Any CPU.Build.0 = Release|Any CPU
	EndGlobalSection
	GlobalSection(SolutionProperties) = preSolution
		HideSolutionNode = FALSE
	EndGlobalSection
	GlobalSection(ExtensibilityGlobals) = postSolution
		SolutionGuid = {493B27B7-44C9-4121-9F6E-2122FD755341}
	EndGlobalSection
EndGlobal
